{
  "originHash" : "8d113f1e5e845f1e20afb44eba82194ec0f019e9cc8e0b235a295549b1fad7c4",
  "pins" : [
    {
      "identity" : "keyboardshortcuts",
      "kind" : "remoteSourceControl",
      "location" : "https://github.com/sindresorhus/KeyboardShortcuts",
      "state" : {
        "revision" : "ac12762853126cf2e7ad63a6a58e1c9f58c6a0ee",
        "version" : "1.17.0"
      }
    },
    {
      "identity" : "menubarextraaccess",
      "kind" : "remoteSourceControl",
      "location" : "https://github.com/orchetect/MenuBarExtraAccess",
      "state" : {
        "revision" : "e93e3a5b814714bf4d4cea67bf63a6b6a8323968",
        "version" : "1.3.1"
      }
    }
  ],
  "version" : 3
}
